devDependencies:
  bs-platform: 8.3.3
lockfileVersion: 5.2
packages:
  /bs-platform/8.3.3:
    dev: true
    hasBin: true
    requiresBuild: true
    resolution:
      integrity: sha512-ayS5wdvrOX6PxU2wX7O2rLllzsQDzmGq582NNDFwfM6b9HQu7ki242Pc46o2/CnGHHumKVarpX0IZzjC2Llgcg==
specifiers:
  bs-platform: ^8.3.3
